
Microsoft Visual Studio Solution File, Format Version 12.00
# Visual Studio Version 16
VisualStudioVersion = 16.0.31129.286
MinimumVisualStudioVersion = 10.0.40219.1
Project("{FAE04EC0-301F-11D3-BF4B-00C04F79EFBC}") = "Learn OOP interactively by C sharp", "Learn OOP interactively by C sharp\Learn OOP interactively by C sharp.csproj", "{216CC115-FAFF-4D6B-892F-7A9816BD82B8}"
EndProject
Global
	GlobalSection(SolutionConfigurationPlatforms) = preSolution
		Debug|Any CPU = Debug|Any CPU
		Release|Any CPU = Release|Any CPU
	EndGlobalSection
	GlobalSection(ProjectConfigurationPlatforms) = postSolution
		{216CC115-FAFF-4D6B-892F-7A9816BD82B8}.Debug|Any CPU.ActiveCfg = Debug|Any CPU
		{216CC115-FAFF-4D6B-892F-7A9816BD82B8}.Debug|Any CPU.Build.0 = Debug|Any CPU
		{216CC115-FAFF-4D6B-892F-7A9816BD82B8}.Release|Any CPU.ActiveCfg = Release|Any CPU
		{216CC115-FAFF-4D6B-892F-7A9816BD82B8}.Release|Any CPU.Build.0 = Release|Any CPU
	EndGlobalSection
	GlobalSection(SolutionProperties) = preSolution
		HideSolutionNode = FALSE
	EndGlobalSection
	GlobalSection(ExtensibilityGlobals) = postSolution
		SolutionGuid = {200B9B00-3172-4687-B34B-50C10B67078C}
	EndGlobalSection
EndGlobal
